<?xml version="1.0" encoding="UTF-8" standalone="yes" ?>
<CodeBlocks_project_file>
	<FileVersion major="1" minor="6" />
	<Project>
		<Option title="c_timer_isr" />
		<Option pch_mode="2" />
		<Option compiler="sdcc" />
		<Build>
			<Target title="Debug">
				<Option output="bin/Debug/c_timer_isr" prefix_auto="1" extension_auto="1" />
				<Option object_output="obj/Debug/" />
				<Option type="1" />
				<Option compiler="sdcc" />
				<Compiler>
					<Add option="--debug" />
				</Compiler>
			</Target>
		</Build>
		<Compiler>
			<Add directory="/home/jacob/projects/github/8051/c_timer_isr/" />
			<Add directory="/home/jacob/projects/github/8051/" />
		</Compiler>
		<Unit filename="../drivers/interrupt.c">
			<Option compilerVar="CC" />
		</Unit>
		<Unit filename="../drivers/interrupt.h" />
		<Unit filename="../drivers/timer.c">
			<Option compilerVar="CC" />
		</Unit>
		<Unit filename="../drivers/timer.h" />
		<Unit filename="board_cfg.h" />
		<Unit filename="main.c">
			<Option compilerVar="CC" />
		</Unit>
		<Extensions />
	</Project>
</CodeBlocks_project_file>
